
Microsoft Visual Studio Solution File, Format Version 12.00
# Visual Studio Version 16
VisualStudioVersion = 16.0.29911.84
MinimumVisualStudioVersion = 10.0.40219.1
Project("{FAE04EC0-301F-11D3-BF4B-00C04F79EFBC}") = "BiliLiveDanmaku", "BiliLiveDanmaku\BiliLiveDanmaku.csproj", "{48E84217-0D4B-42A4-82A7-6CD5FDC0E6C7}"
EndProject
Global
	GlobalSection(SolutionConfigurationPlatforms) = preSolution
		Debug|Any CPU = Debug|Any CPU
		Debug|x64 = Debug|x64
		Release|Any CPU = Release|Any CPU
		Release|x64 = Release|x64
	EndGlobalSection
	GlobalSection(ProjectConfigurationPlatforms) = postSolution
		{48E84217-0D4B-42A4-82A7-6CD5FDC0E6C7}.Debug|Any CPU.ActiveCfg = Debug|Any CPU
		{48E84217-0D4B-42A4-82A7-6CD5FDC0E6C7}.Debug|Any CPU.Build.0 = Debug|Any CPU
		{48E84217-0D4B-42A4-82A7-6CD5FDC0E6C7}.Debug|x64.ActiveCfg = Debug|x64
		{48E84217-0D4B-42A4-82A7-6CD5FDC0E6C7}.Debug|x64.Build.0 = Debug|x64
		{48E84217-0D4B-42A4-82A7-6CD5FDC0E6C7}.Release|Any CPU.ActiveCfg = Release|Any CPU
		{48E84217-0D4B-42A4-82A7-6CD5FDC0E6C7}.Release|Any CPU.Build.0 = Release|Any CPU
		{48E84217-0D4B-42A4-82A7-6CD5FDC0E6C7}.Release|x64.ActiveCfg = Release|x64
		{48E84217-0D4B-42A4-82A7-6CD5FDC0E6C7}.Release|x64.Build.0 = Release|x64
	EndGlobalSection
	GlobalSection(SolutionProperties) = preSolution
		HideSolutionNode = FALSE
	EndGlobalSection
	GlobalSection(ExtensibilityGlobals) = postSolution
		SolutionGuid = {D0F28A7C-E039-4C72-895F-9EC10FB94B2D}
	EndGlobalSection
EndGlobal
